
Microsoft Visual Studio Solution File, Format Version 12.00
Project("{FAE04EC0-301F-11D3-BF4B-00C04F79EFBC}") = "Try-More-On-IEnumerable", "Try-More-On-IEnumerable\Try-More-On-IEnumerable.csproj", "{C79A3218-49A3-4BAF-A869-B13C969794B9}"
EndProject
Project("{FAE04EC0-301F-11D3-BF4B-00C04F79EFBC}") = "ConsoleApp1", "ConsoleApp1\ConsoleApp1.csproj", "{0B5F8321-335C-4E57-97D8-385A58C27D1C}"
EndProject
Project("{FAE04EC0-301F-11D3-BF4B-00C04F79EFBC}") = "Mahua.Interfaces", "Mahua.Interfaces\Mahua.Interfaces.csproj", "{73C9034E-23DE-4ED6-A794-B835084D0E84}"
EndProject
Project("{FAE04EC0-301F-11D3-BF4B-00C04F79EFBC}") = "Mahua.Implements", "Mahua.Implements\Mahua.Implements.csproj", "{5BA54529-70D7-40AD-8A29-3D5DCC12C15A}"
EndProject
Project("{FAE04EC0-301F-11D3-BF4B-00C04F79EFBC}") = "ConsoleApp2", "ConsoleApp2\ConsoleApp2.csproj", "{6D9364BE-F4C7-4FCF-9ECB-11C71798C2B8}"
EndProject
Global
	GlobalSection(SolutionConfigurationPlatforms) = preSolution
		Debug|Any CPU = Debug|Any CPU
		Release|Any CPU = Release|Any CPU
	EndGlobalSection
	GlobalSection(ProjectConfigurationPlatforms) = postSolution
		{C79A3218-49A3-4BAF-A869-B13C969794B9}.Debug|Any CPU.ActiveCfg = Debug|Any CPU
		{C79A3218-49A3-4BAF-A869-B13C969794B9}.Debug|Any CPU.Build.0 = Debug|Any CPU
		{C79A3218-49A3-4BAF-A869-B13C969794B9}.Release|Any CPU.ActiveCfg = Release|Any CPU
		{C79A3218-49A3-4BAF-A869-B13C969794B9}.Release|Any CPU.Build.0 = Release|Any CPU
		{0B5F8321-335C-4E57-97D8-385A58C27D1C}.Debug|Any CPU.ActiveCfg = Debug|Any CPU
		{0B5F8321-335C-4E57-97D8-385A58C27D1C}.Debug|Any CPU.Build.0 = Debug|Any CPU
		{0B5F8321-335C-4E57-97D8-385A58C27D1C}.Release|Any CPU.ActiveCfg = Release|Any CPU
		{0B5F8321-335C-4E57-97D8-385A58C27D1C}.Release|Any CPU.Build.0 = Release|Any CPU
		{73C9034E-23DE-4ED6-A794-B835084D0E84}.Debug|Any CPU.ActiveCfg = Debug|Any CPU
		{73C9034E-23DE-4ED6-A794-B835084D0E84}.Debug|Any CPU.Build.0 = Debug|Any CPU
		{73C9034E-23DE-4ED6-A794-B835084D0E84}.Release|Any CPU.ActiveCfg = Release|Any CPU
		{73C9034E-23DE-4ED6-A794-B835084D0E84}.Release|Any CPU.Build.0 = Release|Any CPU
		{5BA54529-70D7-40AD-8A29-3D5DCC12C15A}.Debug|Any CPU.ActiveCfg = Debug|Any CPU
		{5BA54529-70D7-40AD-8A29-3D5DCC12C15A}.Debug|Any CPU.Build.0 = Debug|Any CPU
		{5BA54529-70D7-40AD-8A29-3D5DCC12C15A}.Release|Any CPU.ActiveCfg = Release|Any CPU
		{5BA54529-70D7-40AD-8A29-3D5DCC12C15A}.Release|Any CPU.Build.0 = Release|Any CPU
		{6D9364BE-F4C7-4FCF-9ECB-11C71798C2B8}.Debug|Any CPU.ActiveCfg = Debug|Any CPU
		{6D9364BE-F4C7-4FCF-9ECB-11C71798C2B8}.Debug|Any CPU.Build.0 = Debug|Any CPU
		{6D9364BE-F4C7-4FCF-9ECB-11C71798C2B8}.Release|Any CPU.ActiveCfg = Release|Any CPU
		{6D9364BE-F4C7-4FCF-9ECB-11C71798C2B8}.Release|Any CPU.Build.0 = Release|Any CPU
	EndGlobalSection
EndGlobal
